
Microsoft Visual Studio Solution File, Format Version 12.00
# Visual Studio 15
VisualStudioVersion = 15.0.26228.4
MinimumVisualStudioVersion = 10.0.40219.1
Project("{FAE04EC0-301F-11D3-BF4B-00C04F79EFBC}") = "WPPodManager", "WPPodManager\WPPodManager\WPPodManager.csproj", "{EB85D51A-FCFB-47B5-B8B5-511962FC5D51}"
EndProject
Project("{FAE04EC0-301F-11D3-BF4B-00C04F79EFBC}") = "WPPodManager.Android", "WPPodManager\WPPodManager.Android\WPPodManager.Android.csproj", "{1452117D-521D-4D51-9983-AFF17AB0DF53}"
EndProject
Project("{FAE04EC0-301F-11D3-BF4B-00C04F79EFBC}") = "WPPodManager.iOS", "WPPodManager\WPPodManager.iOS\WPPodManager.iOS.csproj", "{F2F4C320-4B90-4D5C-8873-53CEE48E1CFE}"
EndProject
Project("{FAE04EC0-301F-11D3-BF4B-00C04F79EFBC}") = "WPPodManager.UWP", "WPPodManager\WPPodManager.UWP\WPPodManager.UWP.csproj", "{6CF0F8C8-9858-4251-8C2F-F905AA95B94A}"
EndProject
Project("{FAE04EC0-301F-11D3-BF4B-00C04F79EFBC}") = "WPPodShared", "..\WPPodShared\WPPodShared.csproj", "{DB15403D-40ED-440D-84A9-8F6BFCD2A0E0}"
EndProject
Project("{FAE04EC0-301F-11D3-BF4B-00C04F79EFBC}") = "Nester.Library", "..\..\..\nester.library\Nester.Library\Nester.Library.csproj", "{662A3AE9-85DD-4A7B-B320-A80EE9FCA5D9}"
EndProject
Global
	GlobalSection(SolutionConfigurationPlatforms) = preSolution
		Debug|Any CPU = Debug|Any CPU
		Debug|ARM = Debug|ARM
		Debug|iPhone = Debug|iPhone
		Debug|iPhoneSimulator = Debug|iPhoneSimulator
		Debug|x64 = Debug|x64
		Debug|x86 = Debug|x86
		Release|Any CPU = Release|Any CPU
		Release|ARM = Release|ARM
		Release|iPhone = Release|iPhone
		Release|iPhoneSimulator = Release|iPhoneSimulator
		Release|x64 = Release|x64
		Release|x86 = Release|x86
	EndGlobalSection
	GlobalSection(ProjectConfigurationPlatforms) = postSolution
		{EB85D51A-FCFB-47B5-B8B5-511962FC5D51}.Debug|Any CPU.ActiveCfg = Debug|Any CPU
		{EB85D51A-FCFB-47B5-B8B5-511962FC5D51}.Debug|Any CPU.Build.0 = Debug|Any CPU
		{EB85D51A-FCFB-47B5-B8B5-511962FC5D51}.Debug|ARM.ActiveCfg = Debug|Any CPU
		{EB85D51A-FCFB-47B5-B8B5-511962FC5D51}.Debug|ARM.Build.0 = Debug|Any CPU
		{EB85D51A-FCFB-47B5-B8B5-511962FC5D51}.Debug|iPhone.ActiveCfg = Debug|Any CPU
		{EB85D51A-FCFB-47B5-B8B5-511962FC5D51}.Debug|iPhone.Build.0 = Debug|Any CPU
		{EB85D51A-FCFB-47B5-B8B5-511962FC5D51}.Debug|iPhoneSimulator.ActiveCfg = Debug|Any CPU
		{EB85D51A-FCFB-47B5-B8B5-511962FC5D51}.Debug|iPhoneSimulator.Build.0 = Debug|Any CPU
		{EB85D51A-FCFB-47B5-B8B5-511962FC5D51}.Debug|x64.ActiveCfg = Debug|x64
		{EB85D51A-FCFB-47B5-B8B5-511962FC5D51}.Debug|x64.Build.0 = Debug|x64
		{EB85D51A-FCFB-47B5-B8B5-511962FC5D51}.Debug|x86.ActiveCfg = Debug|Any CPU
		{EB85D51A-FCFB-47B5-B8B5-511962FC5D51}.Debug|x86.Build.0 = Debug|Any CPU
		{EB85D51A-FCFB-47B5-B8B5-511962FC5D51}.Release|Any CPU.ActiveCfg = Release|Any CPU
		{EB85D51A-FCFB-47B5-B8B5-511962FC5D51}.Release|Any CPU.Build.0 = Release|Any CPU
		{EB85D51A-FCFB-47B5-B8B5-511962FC5D51}.Release|ARM.ActiveCfg = Release|Any CPU
		{EB85D51A-FCFB-47B5-B8B5-511962FC5D51}.Release|ARM.Build.0 = Release|Any CPU
		{EB85D51A-FCFB-47B5-B8B5-511962FC5D51}.Release|iPhone.ActiveCfg = Release|Any CPU
		{EB85D51A-FCFB-47B5-B8B5-511962FC5D51}.Release|iPhone.Build.0 = Release|Any CPU
		{EB85D51A-FCFB-47B5-B8B5-511962FC5D51}.Release|iPhoneSimulator.ActiveCfg = Release|Any CPU
		{EB85D51A-FCFB-47B5-B8B5-511962FC5D51}.Release|iPhoneSimulator.Build.0 = Release|Any CPU
		{EB85D51A-FCFB-47B5-B8B5-511962FC5D51}.Release|x64.ActiveCfg = Release|Any CPU
		{EB85D51A-FCFB-47B5-B8B5-511962FC5D51}.Release|x64.Build.0 = Release|Any CPU
		{EB85D51A-FCFB-47B5-B8B5-511962FC5D51}.Release|x86.ActiveCfg = Release|Any CPU
		{EB85D51A-FCFB-47B5-B8B5-511962FC5D51}.Release|x86.Build.0 = Release|Any CPU
		{1452117D-521D-4D51-9983-AFF17AB0DF53}.Debug|Any CPU.ActiveCfg = Debug|Any CPU
		{1452117D-521D-4D51-9983-AFF17AB0DF53}.Debug|Any CPU.Build.0 = Debug|Any CPU
		{1452117D-521D-4D51-9983-AFF17AB0DF53}.Debug|Any CPU.Deploy.0 = Debug|Any CPU
		{1452117D-521D-4D51-9983-AFF17AB0DF53}.Debug|ARM.ActiveCfg = Debug|Any CPU
		{1452117D-521D-4D51-9983-AFF17AB0DF53}.Debug|ARM.Build.0 = Debug|Any CPU
		{1452117D-521D-4D51-9983-AFF17AB0DF53}.Debug|ARM.Deploy.0 = Debug|Any CPU
		{1452117D-521D-4D51-9983-AFF17AB0DF53}.Debug|iPhone.ActiveCfg = Debug|Any CPU
		{1452117D-521D-4D51-9983-AFF17AB0DF53}.Debug|iPhone.Build.0 = Debug|Any CPU
		{1452117D-521D-4D51-9983-AFF17AB0DF53}.Debug|iPhone.Deploy.0 = Debug|Any CPU
		{1452117D-521D-4D51-9983-AFF17AB0DF53}.Debug|iPhoneSimulator.ActiveCfg = Debug|Any CPU
		{1452117D-521D-4D51-9983-AFF17AB0DF53}.Debug|iPhoneSimulator.Build.0 = Debug|Any CPU
		{1452117D-521D-4D51-9983-AFF17AB0DF53}.Debug|iPhoneSimulator.Deploy.0 = Debug|Any CPU
		{1452117D-521D-4D51-9983-AFF17AB0DF53}.Debug|x64.ActiveCfg = Debug|x64
		{1452117D-521D-4D51-9983-AFF17AB0DF53}.Debug|x64.Build.0 = Debug|x64
		{1452117D-521D-4D51-9983-AFF17AB0DF53}.Debug|x64.Deploy.0 = Debug|x64
		{1452117D-521D-4D51-9983-AFF17AB0DF53}.Debug|x86.ActiveCfg = Debug|Any CPU
		{1452117D-521D-4D51-9983-AFF17AB0DF53}.Debug|x86.Build.0 = Debug|Any CPU
		{1452117D-521D-4D51-9983-AFF17AB0DF53}.Debug|x86.Deploy.0 = Debug|Any CPU
		{1452117D-521D-4D51-9983-AFF17AB0DF53}.Release|Any CPU.ActiveCfg = Release|Any CPU
		{1452117D-521D-4D51-9983-AFF17AB0DF53}.Release|Any CPU.Build.0 = Release|Any CPU
		{1452117D-521D-4D51-9983-AFF17AB0DF53}.Release|Any CPU.Deploy.0 = Release|Any CPU
		{1452117D-521D-4D51-9983-AFF17AB0DF53}.Release|ARM.ActiveCfg = Release|Any CPU
		{1452117D-521D-4D51-9983-AFF17AB0DF53}.Release|ARM.Build.0 = Release|Any CPU
		{1452117D-521D-4D51-9983-AFF17AB0DF53}.Release|ARM.Deploy.0 = Release|Any CPU
		{1452117D-521D-4D51-9983-AFF17AB0DF53}.Release|iPhone.ActiveCfg = Release|Any CPU
		{1452117D-521D-4D51-9983-AFF17AB0DF53}.Release|iPhone.Build.0 = Release|Any CPU
		{1452117D-521D-4D51-9983-AFF17AB0DF53}.Release|iPhone.Deploy.0 = Release|Any CPU
		{1452117D-521D-4D51-9983-AFF17AB0DF53}.Release|iPhoneSimulator.ActiveCfg = Release|Any CPU
		{1452117D-521D-4D51-9983-AFF17AB0DF53}.Release|iPhoneSimulator.Build.0 = Release|Any CPU
		{1452117D-521D-4D51-9983-AFF17AB0DF53}.Release|iPhoneSimulator.Deploy.0 = Release|Any CPU
		{1452117D-521D-4D51-9983-AFF17AB0DF53}.Release|x64.ActiveCfg = Release|Any CPU
		{1452117D-521D-4D51-9983-AFF17AB0DF53}.Release|x64.Build.0 = Release|Any CPU
		{1452117D-521D-4D51-9983-AFF17AB0DF53}.Release|x64.Deploy.0 = Release|Any CPU
		{1452117D-521D-4D51-9983-AFF17AB0DF53}.Release|x86.ActiveCfg = Release|Any CPU
		{1452117D-521D-4D51-9983-AFF17AB0DF53}.Release|x86.Build.0 = Release|Any CPU
		{1452117D-521D-4D51-9983-AFF17AB0DF53}.Release|x86.Deploy.0 = Release|Any CPU
		{F2F4C320-4B90-4D5C-8873-53CEE48E1CFE}.Debug|Any CPU.ActiveCfg = Debug|iPhoneSimulator
		{F2F4C320-4B90-4D5C-8873-53CEE48E1CFE}.Debug|ARM.ActiveCfg = Debug|iPhone
		{F2F4C320-4B90-4D5C-8873-53CEE48E1CFE}.Debug|iPhone.ActiveCfg = Debug|iPhone
		{F2F4C320-4B90-4D5C-8873-53CEE48E1CFE}.Debug|iPhone.Build.0 = Debug|iPhone
		{F2F4C320-4B90-4D5C-8873-53CEE48E1CFE}.Debug|iPhoneSimulator.ActiveCfg = Debug|iPhoneSimulator
		{F2F4C320-4B90-4D5C-8873-53CEE48E1CFE}.Debug|iPhoneSimulator.Build.0 = Debug|iPhoneSimulator
		{F2F4C320-4B90-4D5C-8873-53CEE48E1CFE}.Debug|x64.ActiveCfg = Debug|iPhone
		{F2F4C320-4B90-4D5C-8873-53CEE48E1CFE}.Debug|x86.ActiveCfg = Debug|iPhone
		{F2F4C320-4B90-4D5C-8873-53CEE48E1CFE}.Release|Any CPU.ActiveCfg = Release|iPhone
		{F2F4C320-4B90-4D5C-8873-53CEE48E1CFE}.Release|ARM.ActiveCfg = Release|iPhone
		{F2F4C320-4B90-4D5C-8873-53CEE48E1CFE}.Release|iPhone.ActiveCfg = Release|iPhone
		{F2F4C320-4B90-4D5C-8873-53CEE48E1CFE}.Release|iPhone.Build.0 = Release|iPhone
		{F2F4C320-4B90-4D5C-8873-53CEE48E1CFE}.Release|iPhoneSimulator.ActiveCfg = Release|iPhoneSimulator
		{F2F4C320-4B90-4D5C-8873-53CEE48E1CFE}.Release|iPhoneSimulator.Build.0 = Release|iPhoneSimulator
		{F2F4C320-4B90-4D5C-8873-53CEE48E1CFE}.Release|x64.ActiveCfg = Release|iPhone
		{F2F4C320-4B90-4D5C-8873-53CEE48E1CFE}.Release|x86.ActiveCfg = Release|iPhone
		{F2F4C320-4B90-4D5C-8873-53CEE48E1CFE}.Debug|Any CPU.Build.0 = Debug|iPhoneSimulator
		{6CF0F8C8-9858-4251-8C2F-F905AA95B94A}.Debug|Any CPU.ActiveCfg = Debug|x86
		{6CF0F8C8-9858-4251-8C2F-F905AA95B94A}.Debug|ARM.ActiveCfg = Debug|ARM
		{6CF0F8C8-9858-4251-8C2F-F905AA95B94A}.Debug|ARM.Build.0 = Debug|ARM
		{6CF0F8C8-9858-4251-8C2F-F905AA95B94A}.Debug|ARM.Deploy.0 = Debug|ARM
		{6CF0F8C8-9858-4251-8C2F-F905AA95B94A}.Debug|iPhone.ActiveCfg = Debug|x86
		{6CF0F8C8-9858-4251-8C2F-F905AA95B94A}.Debug|iPhoneSimulator.ActiveCfg = Debug|x86
		{6CF0F8C8-9858-4251-8C2F-F905AA95B94A}.Debug|x64.ActiveCfg = Debug|x64
		{6CF0F8C8-9858-4251-8C2F-F905AA95B94A}.Debug|x64.Build.0 = Debug|x64
		{6CF0F8C8-9858-4251-8C2F-F905AA95B94A}.Debug|x64.Deploy.0 = Debug|x64
		{6CF0F8C8-9858-4251-8C2F-F905AA95B94A}.Debug|x86.ActiveCfg = Debug|x86
		{6CF0F8C8-9858-4251-8C2F-F905AA95B94A}.Debug|x86.Build.0 = Debug|x86
		{6CF0F8C8-9858-4251-8C2F-F905AA95B94A}.Debug|x86.Deploy.0 = Debug|x86
		{6CF0F8C8-9858-4251-8C2F-F905AA95B94A}.Release|Any CPU.ActiveCfg = Release|x86
		{6CF0F8C8-9858-4251-8C2F-F905AA95B94A}.Release|ARM.ActiveCfg = Release|ARM
		{6CF0F8C8-9858-4251-8C2F-F905AA95B94A}.Release|ARM.Build.0 = Release|ARM
		{6CF0F8C8-9858-4251-8C2F-F905AA95B94A}.Release|ARM.Deploy.0 = Release|ARM
		{6CF0F8C8-9858-4251-8C2F-F905AA95B94A}.Release|iPhone.ActiveCfg = Release|x86
		{6CF0F8C8-9858-4251-8C2F-F905AA95B94A}.Release|iPhoneSimulator.ActiveCfg = Release|x86
		{6CF0F8C8-9858-4251-8C2F-F905AA95B94A}.Release|x64.ActiveCfg = Release|x64
		{6CF0F8C8-9858-4251-8C2F-F905AA95B94A}.Release|x64.Build.0 = Release|x64
		{6CF0F8C8-9858-4251-8C2F-F905AA95B94A}.Release|x64.Deploy.0 = Release|x64
		{6CF0F8C8-9858-4251-8C2F-F905AA95B94A}.Release|x86.ActiveCfg = Release|x86
		{6CF0F8C8-9858-4251-8C2F-F905AA95B94A}.Release|x86.Build.0 = Release|x86
		{6CF0F8C8-9858-4251-8C2F-F905AA95B94A}.Release|x86.Deploy.0 = Release|x86
		{DB15403D-40ED-440D-84A9-8F6BFCD2A0E0}.Debug|Any CPU.ActiveCfg = Debug|Any CPU
		{DB15403D-40ED-440D-84A9-8F6BFCD2A0E0}.Debug|Any CPU.Build.0 = Debug|Any CPU
		{DB15403D-40ED-440D-84A9-8F6BFCD2A0E0}.Debug|ARM.ActiveCfg = Debug|Any CPU
		{DB15403D-40ED-440D-84A9-8F6BFCD2A0E0}.Debug|ARM.Build.0 = Debug|Any CPU
		{DB15403D-40ED-440D-84A9-8F6BFCD2A0E0}.Debug|iPhone.ActiveCfg = Debug|Any CPU
		{DB15403D-40ED-440D-84A9-8F6BFCD2A0E0}.Debug|iPhone.Build.0 = Debug|Any CPU
		{DB15403D-40ED-440D-84A9-8F6BFCD2A0E0}.Debug|iPhoneSimulator.ActiveCfg = Debug|Any CPU
		{DB15403D-40ED-440D-84A9-8F6BFCD2A0E0}.Debug|iPhoneSimulator.Build.0 = Debug|Any CPU
		{DB15403D-40ED-440D-84A9-8F6BFCD2A0E0}.Debug|x64.ActiveCfg = Debug|Any CPU
		{DB15403D-40ED-440D-84A9-8F6BFCD2A0E0}.Debug|x64.Build.0 = Debug|Any CPU
		{DB15403D-40ED-440D-84A9-8F6BFCD2A0E0}.Debug|x86.ActiveCfg = Debug|Any CPU
		{DB15403D-40ED-440D-84A9-8F6BFCD2A0E0}.Debug|x86.Build.0 = Debug|Any CPU
		{DB15403D-40ED-440D-84A9-8F6BFCD2A0E0}.Release|Any CPU.ActiveCfg = Release|Any CPU
		{DB15403D-40ED-440D-84A9-8F6BFCD2A0E0}.Release|Any CPU.Build.0 = Release|Any CPU
		{DB15403D-40ED-440D-84A9-8F6BFCD2A0E0}.Release|ARM.ActiveCfg = Release|Any CPU
		{DB15403D-40ED-440D-84A9-8F6BFCD2A0E0}.Release|ARM.Build.0 = Release|Any CPU
		{DB15403D-40ED-440D-84A9-8F6BFCD2A0E0}.Release|iPhone.ActiveCfg = Release|Any CPU
		{DB15403D-40ED-440D-84A9-8F6BFCD2A0E0}.Release|iPhone.Build.0 = Release|Any CPU
		{DB15403D-40ED-440D-84A9-8F6BFCD2A0E0}.Release|iPhoneSimulator.ActiveCfg = Release|Any CPU
		{DB15403D-40ED-440D-84A9-8F6BFCD2A0E0}.Release|iPhoneSimulator.Build.0 = Release|Any CPU
		{DB15403D-40ED-440D-84A9-8F6BFCD2A0E0}.Release|x64.ActiveCfg = Release|Any CPU
		{DB15403D-40ED-440D-84A9-8F6BFCD2A0E0}.Release|x64.Build.0 = Release|Any CPU
		{DB15403D-40ED-440D-84A9-8F6BFCD2A0E0}.Release|x86.ActiveCfg = Release|Any CPU
		{DB15403D-40ED-440D-84A9-8F6BFCD2A0E0}.Release|x86.Build.0 = Release|Any CPU
		{662A3AE9-85DD-4A7B-B320-A80EE9FCA5D9}.Debug|Any CPU.ActiveCfg = Debug|Any CPU
		{662A3AE9-85DD-4A7B-B320-A80EE9FCA5D9}.Debug|Any CPU.Build.0 = Debug|Any CPU
		{662A3AE9-85DD-4A7B-B320-A80EE9FCA5D9}.Debug|ARM.ActiveCfg = Debug|Any CPU
		{662A3AE9-85DD-4A7B-B320-A80EE9FCA5D9}.Debug|ARM.Build.0 = Debug|Any CPU
		{662A3AE9-85DD-4A7B-B320-A80EE9FCA5D9}.Debug|iPhone.ActiveCfg = Debug|Any CPU
		{662A3AE9-85DD-4A7B-B320-A80EE9FCA5D9}.Debug|iPhone.Build.0 = Debug|Any CPU
		{662A3AE9-85DD-4A7B-B320-A80EE9FCA5D9}.Debug|iPhoneSimulator.ActiveCfg = Debug|Any CPU
		{662A3AE9-85DD-4A7B-B320-A80EE9FCA5D9}.Debug|iPhoneSimulator.Build.0 = Debug|Any CPU
		{662A3AE9-85DD-4A7B-B320-A80EE9FCA5D9}.Debug|x64.ActiveCfg = Debug|x64
		{662A3AE9-85DD-4A7B-B320-A80EE9FCA5D9}.Debug|x64.Build.0 = Debug|x64
		{662A3AE9-85DD-4A7B-B320-A80EE9FCA5D9}.Debug|x86.ActiveCfg = Debug|Any CPU
		{662A3AE9-85DD-4A7B-B320-A80EE9FCA5D9}.Debug|x86.Build.0 = Debug|Any CPU
		{662A3AE9-85DD-4A7B-B320-A80EE9FCA5D9}.Release|Any CPU.ActiveCfg = Release|Any CPU
		{662A3AE9-85DD-4A7B-B320-A80EE9FCA5D9}.Release|Any CPU.Build.0 = Release|Any CPU
		{662A3AE9-85DD-4A7B-B320-A80EE9FCA5D9}.Release|ARM.ActiveCfg = Release|Any CPU
		{662A3AE9-85DD-4A7B-B320-A80EE9FCA5D9}.Release|ARM.Build.0 = Release|Any CPU
		{662A3AE9-85DD-4A7B-B320-A80EE9FCA5D9}.Release|iPhone.ActiveCfg = Release|Any CPU
		{662A3AE9-85DD-4A7B-B320-A80EE9FCA5D9}.Release|iPhone.Build.0 = Release|Any CPU
		{662A3AE9-85DD-4A7B-B320-A80EE9FCA5D9}.Release|iPhoneSimulator.ActiveCfg = Release|Any CPU
		{662A3AE9-85DD-4A7B-B320-A80EE9FCA5D9}.Release|iPhoneSimulator.Build.0 = Release|Any CPU
		{662A3AE9-85DD-4A7B-B320-A80EE9FCA5D9}.Release|x64.ActiveCfg = Release|x64
		{662A3AE9-85DD-4A7B-B320-A80EE9FCA5D9}.Release|x64.Build.0 = Release|x64
		{662A3AE9-85DD-4A7B-B320-A80EE9FCA5D9}.Release|x86.ActiveCfg = Release|Any CPU
		{662A3AE9-85DD-4A7B-B320-A80EE9FCA5D9}.Release|x86.Build.0 = Release|Any CPU
	EndGlobalSection
	GlobalSection(SolutionProperties) = preSolution
		HideSolutionNode = FALSE
	EndGlobalSection
EndGlobal
