
Microsoft Visual Studio Solution File, Format Version 12.00
# Visual Studio 15
VisualStudioVersion = 15.0.27130.2010
MinimumVisualStudioVersion = 10.0.40219.1
Project("{9A19103F-16F7-4668-BE54-9A1E7A4F7556}") = "WPPodManager", "WPPodManager\WPPodManager\WPPodManager.csproj", "{EB85D51A-FCFB-47B5-B8B5-511962FC5D51}"
EndProject
Project("{FAE04EC0-301F-11D3-BF4B-00C04F79EFBC}") = "WPPodManager.Android", "WPPodManager\WPPodManager.Android\WPPodManager.Android.csproj", "{BE3D6B63-4F3D-40BE-BBE4-CDCE782BA3D6}"
EndProject
Project("{FAE04EC0-301F-11D3-BF4B-00C04F79EFBC}") = "WPPodManager.iOS", "WPPodManager\WPPodManager.iOS\WPPodManager.iOS.csproj", "{E31CDAF1-7534-49AE-941F-8C1521867686}"
EndProject
Project("{FAE04EC0-301F-11D3-BF4B-00C04F79EFBC}") = "WPPodManager.UWP", "WPPodManager\WPPodManager.UWP\WPPodManager.UWP.csproj", "{A85A09FA-5A67-43AD-B914-89A99274869B}"
EndProject
Project("{9A19103F-16F7-4668-BE54-9A1E7A4F7556}") = "WPPodShared", "..\WPPodShared\WPPodShared.csproj", "{DB15403D-40ED-440D-84A9-8F6BFCD2A0E0}"
EndProject
Global
	GlobalSection(SolutionConfigurationPlatforms) = preSolution
		Ad-Hoc|Any CPU = Ad-Hoc|Any CPU
		Ad-Hoc|ARM = Ad-Hoc|ARM
		Ad-Hoc|iPhone = Ad-Hoc|iPhone
		Ad-Hoc|iPhoneSimulator = Ad-Hoc|iPhoneSimulator
		Ad-Hoc|x64 = Ad-Hoc|x64
		Ad-Hoc|x86 = Ad-Hoc|x86
		AppStore|Any CPU = AppStore|Any CPU
		AppStore|ARM = AppStore|ARM
		AppStore|iPhone = AppStore|iPhone
		AppStore|iPhoneSimulator = AppStore|iPhoneSimulator
		AppStore|x64 = AppStore|x64
		AppStore|x86 = AppStore|x86
		Debug|Any CPU = Debug|Any CPU
		Debug|ARM = Debug|ARM
		Debug|iPhone = Debug|iPhone
		Debug|iPhoneSimulator = Debug|iPhoneSimulator
		Debug|x64 = Debug|x64
		Debug|x86 = Debug|x86
		Release|Any CPU = Release|Any CPU
		Release|ARM = Release|ARM
		Release|iPhone = Release|iPhone
		Release|iPhoneSimulator = Release|iPhoneSimulator
		Release|x64 = Release|x64
		Release|x86 = Release|x86
	EndGlobalSection
	GlobalSection(ProjectConfigurationPlatforms) = postSolution
		{EB85D51A-FCFB-47B5-B8B5-511962FC5D51}.Ad-Hoc|Any CPU.ActiveCfg = Release|Any CPU
		{EB85D51A-FCFB-47B5-B8B5-511962FC5D51}.Ad-Hoc|Any CPU.Build.0 = Release|Any CPU
		{EB85D51A-FCFB-47B5-B8B5-511962FC5D51}.Ad-Hoc|ARM.ActiveCfg = Release|Any CPU
		{EB85D51A-FCFB-47B5-B8B5-511962FC5D51}.Ad-Hoc|ARM.Build.0 = Release|Any CPU
		{EB85D51A-FCFB-47B5-B8B5-511962FC5D51}.Ad-Hoc|iPhone.ActiveCfg = Release|Any CPU
		{EB85D51A-FCFB-47B5-B8B5-511962FC5D51}.Ad-Hoc|iPhone.Build.0 = Release|Any CPU
		{EB85D51A-FCFB-47B5-B8B5-511962FC5D51}.Ad-Hoc|iPhoneSimulator.ActiveCfg = Release|Any CPU
		{EB85D51A-FCFB-47B5-B8B5-511962FC5D51}.Ad-Hoc|iPhoneSimulator.Build.0 = Release|Any CPU
		{EB85D51A-FCFB-47B5-B8B5-511962FC5D51}.Ad-Hoc|x64.ActiveCfg = Release|Any CPU
		{EB85D51A-FCFB-47B5-B8B5-511962FC5D51}.Ad-Hoc|x64.Build.0 = Release|Any CPU
		{EB85D51A-FCFB-47B5-B8B5-511962FC5D51}.Ad-Hoc|x86.ActiveCfg = Release|Any CPU
		{EB85D51A-FCFB-47B5-B8B5-511962FC5D51}.Ad-Hoc|x86.Build.0 = Release|Any CPU
		{EB85D51A-FCFB-47B5-B8B5-511962FC5D51}.AppStore|Any CPU.ActiveCfg = Release|Any CPU
		{EB85D51A-FCFB-47B5-B8B5-511962FC5D51}.AppStore|Any CPU.Build.0 = Release|Any CPU
		{EB85D51A-FCFB-47B5-B8B5-511962FC5D51}.AppStore|ARM.ActiveCfg = Release|Any CPU
		{EB85D51A-FCFB-47B5-B8B5-511962FC5D51}.AppStore|ARM.Build.0 = Release|Any CPU
		{EB85D51A-FCFB-47B5-B8B5-511962FC5D51}.AppStore|iPhone.ActiveCfg = Release|Any CPU
		{EB85D51A-FCFB-47B5-B8B5-511962FC5D51}.AppStore|iPhone.Build.0 = Release|Any CPU
		{EB85D51A-FCFB-47B5-B8B5-511962FC5D51}.AppStore|iPhoneSimulator.ActiveCfg = Release|Any CPU
		{EB85D51A-FCFB-47B5-B8B5-511962FC5D51}.AppStore|iPhoneSimulator.Build.0 = Release|Any CPU
		{EB85D51A-FCFB-47B5-B8B5-511962FC5D51}.AppStore|x64.ActiveCfg = Release|Any CPU
		{EB85D51A-FCFB-47B5-B8B5-511962FC5D51}.AppStore|x64.Build.0 = Release|Any CPU
		{EB85D51A-FCFB-47B5-B8B5-511962FC5D51}.AppStore|x86.ActiveCfg = Release|Any CPU
		{EB85D51A-FCFB-47B5-B8B5-511962FC5D51}.AppStore|x86.Build.0 = Release|Any CPU
		{EB85D51A-FCFB-47B5-B8B5-511962FC5D51}.Debug|Any CPU.ActiveCfg = Debug|Any CPU
		{EB85D51A-FCFB-47B5-B8B5-511962FC5D51}.Debug|Any CPU.Build.0 = Debug|Any CPU
		{EB85D51A-FCFB-47B5-B8B5-511962FC5D51}.Debug|ARM.ActiveCfg = Debug|Any CPU
		{EB85D51A-FCFB-47B5-B8B5-511962FC5D51}.Debug|ARM.Build.0 = Debug|Any CPU
		{EB85D51A-FCFB-47B5-B8B5-511962FC5D51}.Debug|iPhone.ActiveCfg = Debug|Any CPU
		{EB85D51A-FCFB-47B5-B8B5-511962FC5D51}.Debug|iPhone.Build.0 = Debug|Any CPU
		{EB85D51A-FCFB-47B5-B8B5-511962FC5D51}.Debug|iPhoneSimulator.ActiveCfg = Debug|Any CPU
		{EB85D51A-FCFB-47B5-B8B5-511962FC5D51}.Debug|iPhoneSimulator.Build.0 = Debug|Any CPU
		{EB85D51A-FCFB-47B5-B8B5-511962FC5D51}.Debug|x64.ActiveCfg = Debug|Any CPU
		{EB85D51A-FCFB-47B5-B8B5-511962FC5D51}.Debug|x64.Build.0 = Debug|Any CPU
		{EB85D51A-FCFB-47B5-B8B5-511962FC5D51}.Debug|x86.ActiveCfg = Debug|Any CPU
		{EB85D51A-FCFB-47B5-B8B5-511962FC5D51}.Debug|x86.Build.0 = Debug|Any CPU
		{EB85D51A-FCFB-47B5-B8B5-511962FC5D51}.Release|Any CPU.ActiveCfg = Release|Any CPU
		{EB85D51A-FCFB-47B5-B8B5-511962FC5D51}.Release|Any CPU.Build.0 = Release|Any CPU
		{EB85D51A-FCFB-47B5-B8B5-511962FC5D51}.Release|ARM.ActiveCfg = Release|Any CPU
		{EB85D51A-FCFB-47B5-B8B5-511962FC5D51}.Release|ARM.Build.0 = Release|Any CPU
		{EB85D51A-FCFB-47B5-B8B5-511962FC5D51}.Release|iPhone.ActiveCfg = Release|Any CPU
		{EB85D51A-FCFB-47B5-B8B5-511962FC5D51}.Release|iPhone.Build.0 = Release|Any CPU
		{EB85D51A-FCFB-47B5-B8B5-511962FC5D51}.Release|iPhoneSimulator.ActiveCfg = Release|Any CPU
		{EB85D51A-FCFB-47B5-B8B5-511962FC5D51}.Release|iPhoneSimulator.Build.0 = Release|Any CPU
		{EB85D51A-FCFB-47B5-B8B5-511962FC5D51}.Release|x64.ActiveCfg = Release|Any CPU
		{EB85D51A-FCFB-47B5-B8B5-511962FC5D51}.Release|x64.Build.0 = Release|Any CPU
		{EB85D51A-FCFB-47B5-B8B5-511962FC5D51}.Release|x86.ActiveCfg = Release|Any CPU
		{EB85D51A-FCFB-47B5-B8B5-511962FC5D51}.Release|x86.Build.0 = Release|Any CPU
		{BE3D6B63-4F3D-40BE-BBE4-CDCE782BA3D6}.Ad-Hoc|Any CPU.ActiveCfg = Release|Any CPU
		{BE3D6B63-4F3D-40BE-BBE4-CDCE782BA3D6}.Ad-Hoc|Any CPU.Build.0 = Release|Any CPU
		{BE3D6B63-4F3D-40BE-BBE4-CDCE782BA3D6}.Ad-Hoc|Any CPU.Deploy.0 = Release|Any CPU
		{BE3D6B63-4F3D-40BE-BBE4-CDCE782BA3D6}.Ad-Hoc|ARM.ActiveCfg = Release|Any CPU
		{BE3D6B63-4F3D-40BE-BBE4-CDCE782BA3D6}.Ad-Hoc|ARM.Build.0 = Release|Any CPU
		{BE3D6B63-4F3D-40BE-BBE4-CDCE782BA3D6}.Ad-Hoc|ARM.Deploy.0 = Release|Any CPU
		{BE3D6B63-4F3D-40BE-BBE4-CDCE782BA3D6}.Ad-Hoc|iPhone.ActiveCfg = Release|Any CPU
		{BE3D6B63-4F3D-40BE-BBE4-CDCE782BA3D6}.Ad-Hoc|iPhone.Build.0 = Release|Any CPU
		{BE3D6B63-4F3D-40BE-BBE4-CDCE782BA3D6}.Ad-Hoc|iPhone.Deploy.0 = Release|Any CPU
		{BE3D6B63-4F3D-40BE-BBE4-CDCE782BA3D6}.Ad-Hoc|iPhoneSimulator.ActiveCfg = Release|Any CPU
		{BE3D6B63-4F3D-40BE-BBE4-CDCE782BA3D6}.Ad-Hoc|iPhoneSimulator.Build.0 = Release|Any CPU
		{BE3D6B63-4F3D-40BE-BBE4-CDCE782BA3D6}.Ad-Hoc|iPhoneSimulator.Deploy.0 = Release|Any CPU
		{BE3D6B63-4F3D-40BE-BBE4-CDCE782BA3D6}.Ad-Hoc|x64.ActiveCfg = Release|Any CPU
		{BE3D6B63-4F3D-40BE-BBE4-CDCE782BA3D6}.Ad-Hoc|x64.Build.0 = Release|Any CPU
		{BE3D6B63-4F3D-40BE-BBE4-CDCE782BA3D6}.Ad-Hoc|x64.Deploy.0 = Release|Any CPU
		{BE3D6B63-4F3D-40BE-BBE4-CDCE782BA3D6}.Ad-Hoc|x86.ActiveCfg = Release|Any CPU
		{BE3D6B63-4F3D-40BE-BBE4-CDCE782BA3D6}.Ad-Hoc|x86.Build.0 = Release|Any CPU
		{BE3D6B63-4F3D-40BE-BBE4-CDCE782BA3D6}.Ad-Hoc|x86.Deploy.0 = Release|Any CPU
		{BE3D6B63-4F3D-40BE-BBE4-CDCE782BA3D6}.AppStore|Any CPU.ActiveCfg = Release|Any CPU
		{BE3D6B63-4F3D-40BE-BBE4-CDCE782BA3D6}.AppStore|Any CPU.Build.0 = Release|Any CPU
		{BE3D6B63-4F3D-40BE-BBE4-CDCE782BA3D6}.AppStore|Any CPU.Deploy.0 = Release|Any CPU
		{BE3D6B63-4F3D-40BE-BBE4-CDCE782BA3D6}.AppStore|ARM.ActiveCfg = Release|Any CPU
		{BE3D6B63-4F3D-40BE-BBE4-CDCE782BA3D6}.AppStore|ARM.Build.0 = Release|Any CPU
		{BE3D6B63-4F3D-40BE-BBE4-CDCE782BA3D6}.AppStore|ARM.Deploy.0 = Release|Any CPU
		{BE3D6B63-4F3D-40BE-BBE4-CDCE782BA3D6}.AppStore|iPhone.ActiveCfg = Release|Any CPU
		{BE3D6B63-4F3D-40BE-BBE4-CDCE782BA3D6}.AppStore|iPhone.Build.0 = Release|Any CPU
		{BE3D6B63-4F3D-40BE-BBE4-CDCE782BA3D6}.AppStore|iPhone.Deploy.0 = Release|Any CPU
		{BE3D6B63-4F3D-40BE-BBE4-CDCE782BA3D6}.AppStore|iPhoneSimulator.ActiveCfg = Release|Any CPU
		{BE3D6B63-4F3D-40BE-BBE4-CDCE782BA3D6}.AppStore|iPhoneSimulator.Build.0 = Release|Any CPU
		{BE3D6B63-4F3D-40BE-BBE4-CDCE782BA3D6}.AppStore|iPhoneSimulator.Deploy.0 = Release|Any CPU
		{BE3D6B63-4F3D-40BE-BBE4-CDCE782BA3D6}.AppStore|x64.ActiveCfg = Release|Any CPU
		{BE3D6B63-4F3D-40BE-BBE4-CDCE782BA3D6}.AppStore|x64.Build.0 = Release|Any CPU
		{BE3D6B63-4F3D-40BE-BBE4-CDCE782BA3D6}.AppStore|x64.Deploy.0 = Release|Any CPU
		{BE3D6B63-4F3D-40BE-BBE4-CDCE782BA3D6}.AppStore|x86.ActiveCfg = Release|Any CPU
		{BE3D6B63-4F3D-40BE-BBE4-CDCE782BA3D6}.AppStore|x86.Build.0 = Release|Any CPU
		{BE3D6B63-4F3D-40BE-BBE4-CDCE782BA3D6}.AppStore|x86.Deploy.0 = Release|Any CPU
		{BE3D6B63-4F3D-40BE-BBE4-CDCE782BA3D6}.Debug|Any CPU.ActiveCfg = Debug|Any CPU
		{BE3D6B63-4F3D-40BE-BBE4-CDCE782BA3D6}.Debug|Any CPU.Build.0 = Debug|Any CPU
		{BE3D6B63-4F3D-40BE-BBE4-CDCE782BA3D6}.Debug|Any CPU.Deploy.0 = Debug|Any CPU
		{BE3D6B63-4F3D-40BE-BBE4-CDCE782BA3D6}.Debug|ARM.ActiveCfg = Debug|Any CPU
		{BE3D6B63-4F3D-40BE-BBE4-CDCE782BA3D6}.Debug|ARM.Build.0 = Debug|Any CPU
		{BE3D6B63-4F3D-40BE-BBE4-CDCE782BA3D6}.Debug|ARM.Deploy.0 = Debug|Any CPU
		{BE3D6B63-4F3D-40BE-BBE4-CDCE782BA3D6}.Debug|iPhone.ActiveCfg = Debug|Any CPU
		{BE3D6B63-4F3D-40BE-BBE4-CDCE782BA3D6}.Debug|iPhone.Build.0 = Debug|Any CPU
		{BE3D6B63-4F3D-40BE-BBE4-CDCE782BA3D6}.Debug|iPhone.Deploy.0 = Debug|Any CPU
		{BE3D6B63-4F3D-40BE-BBE4-CDCE782BA3D6}.Debug|iPhoneSimulator.ActiveCfg = Debug|Any CPU
		{BE3D6B63-4F3D-40BE-BBE4-CDCE782BA3D6}.Debug|iPhoneSimulator.Build.0 = Debug|Any CPU
		{BE3D6B63-4F3D-40BE-BBE4-CDCE782BA3D6}.Debug|iPhoneSimulator.Deploy.0 = Debug|Any CPU
		{BE3D6B63-4F3D-40BE-BBE4-CDCE782BA3D6}.Debug|x64.ActiveCfg = Debug|Any CPU
		{BE3D6B63-4F3D-40BE-BBE4-CDCE782BA3D6}.Debug|x64.Build.0 = Debug|Any CPU
		{BE3D6B63-4F3D-40BE-BBE4-CDCE782BA3D6}.Debug|x64.Deploy.0 = Debug|Any CPU
		{BE3D6B63-4F3D-40BE-BBE4-CDCE782BA3D6}.Debug|x86.ActiveCfg = Debug|Any CPU
		{BE3D6B63-4F3D-40BE-BBE4-CDCE782BA3D6}.Debug|x86.Build.0 = Debug|Any CPU
		{BE3D6B63-4F3D-40BE-BBE4-CDCE782BA3D6}.Debug|x86.Deploy.0 = Debug|Any CPU
		{BE3D6B63-4F3D-40BE-BBE4-CDCE782BA3D6}.Release|Any CPU.ActiveCfg = Release|Any CPU
		{BE3D6B63-4F3D-40BE-BBE4-CDCE782BA3D6}.Release|Any CPU.Build.0 = Release|Any CPU
		{BE3D6B63-4F3D-40BE-BBE4-CDCE782BA3D6}.Release|Any CPU.Deploy.0 = Release|Any CPU
		{BE3D6B63-4F3D-40BE-BBE4-CDCE782BA3D6}.Release|ARM.ActiveCfg = Release|Any CPU
		{BE3D6B63-4F3D-40BE-BBE4-CDCE782BA3D6}.Release|ARM.Build.0 = Release|Any CPU
		{BE3D6B63-4F3D-40BE-BBE4-CDCE782BA3D6}.Release|ARM.Deploy.0 = Release|Any CPU
		{BE3D6B63-4F3D-40BE-BBE4-CDCE782BA3D6}.Release|iPhone.ActiveCfg = Release|Any CPU
		{BE3D6B63-4F3D-40BE-BBE4-CDCE782BA3D6}.Release|iPhone.Build.0 = Release|Any CPU
		{BE3D6B63-4F3D-40BE-BBE4-CDCE782BA3D6}.Release|iPhone.Deploy.0 = Release|Any CPU
		{BE3D6B63-4F3D-40BE-BBE4-CDCE782BA3D6}.Release|iPhoneSimulator.ActiveCfg = Release|Any CPU
		{BE3D6B63-4F3D-40BE-BBE4-CDCE782BA3D6}.Release|iPhoneSimulator.Build.0 = Release|Any CPU
		{BE3D6B63-4F3D-40BE-BBE4-CDCE782BA3D6}.Release|iPhoneSimulator.Deploy.0 = Release|Any CPU
		{BE3D6B63-4F3D-40BE-BBE4-CDCE782BA3D6}.Release|x64.ActiveCfg = Release|Any CPU
		{BE3D6B63-4F3D-40BE-BBE4-CDCE782BA3D6}.Release|x64.Build.0 = Release|Any CPU
		{BE3D6B63-4F3D-40BE-BBE4-CDCE782BA3D6}.Release|x64.Deploy.0 = Release|Any CPU
		{BE3D6B63-4F3D-40BE-BBE4-CDCE782BA3D6}.Release|x86.ActiveCfg = Release|Any CPU
		{BE3D6B63-4F3D-40BE-BBE4-CDCE782BA3D6}.Release|x86.Build.0 = Release|Any CPU
		{BE3D6B63-4F3D-40BE-BBE4-CDCE782BA3D6}.Release|x86.Deploy.0 = Release|Any CPU
		{E31CDAF1-7534-49AE-941F-8C1521867686}.Ad-Hoc|Any CPU.ActiveCfg = Ad-Hoc|iPhone
		{E31CDAF1-7534-49AE-941F-8C1521867686}.Ad-Hoc|ARM.ActiveCfg = Ad-Hoc|iPhone
		{E31CDAF1-7534-49AE-941F-8C1521867686}.Ad-Hoc|iPhone.ActiveCfg = Ad-Hoc|iPhone
		{E31CDAF1-7534-49AE-941F-8C1521867686}.Ad-Hoc|iPhone.Build.0 = Ad-Hoc|iPhone
		{E31CDAF1-7534-49AE-941F-8C1521867686}.Ad-Hoc|iPhoneSimulator.ActiveCfg = Ad-Hoc|iPhoneSimulator
		{E31CDAF1-7534-49AE-941F-8C1521867686}.Ad-Hoc|iPhoneSimulator.Build.0 = Ad-Hoc|iPhoneSimulator
		{E31CDAF1-7534-49AE-941F-8C1521867686}.Ad-Hoc|x64.ActiveCfg = Ad-Hoc|iPhone
		{E31CDAF1-7534-49AE-941F-8C1521867686}.Ad-Hoc|x86.ActiveCfg = Ad-Hoc|iPhone
		{E31CDAF1-7534-49AE-941F-8C1521867686}.AppStore|Any CPU.ActiveCfg = AppStore|iPhone
		{E31CDAF1-7534-49AE-941F-8C1521867686}.AppStore|ARM.ActiveCfg = AppStore|iPhone
		{E31CDAF1-7534-49AE-941F-8C1521867686}.AppStore|iPhone.ActiveCfg = AppStore|iPhone
		{E31CDAF1-7534-49AE-941F-8C1521867686}.AppStore|iPhone.Build.0 = AppStore|iPhone
		{E31CDAF1-7534-49AE-941F-8C1521867686}.AppStore|iPhoneSimulator.ActiveCfg = AppStore|iPhoneSimulator
		{E31CDAF1-7534-49AE-941F-8C1521867686}.AppStore|iPhoneSimulator.Build.0 = AppStore|iPhoneSimulator
		{E31CDAF1-7534-49AE-941F-8C1521867686}.AppStore|x64.ActiveCfg = AppStore|iPhone
		{E31CDAF1-7534-49AE-941F-8C1521867686}.AppStore|x86.ActiveCfg = AppStore|iPhone
		{E31CDAF1-7534-49AE-941F-8C1521867686}.Debug|Any CPU.ActiveCfg = Debug|iPhone
		{E31CDAF1-7534-49AE-941F-8C1521867686}.Debug|ARM.ActiveCfg = Debug|iPhone
		{E31CDAF1-7534-49AE-941F-8C1521867686}.Debug|iPhone.ActiveCfg = Debug|iPhone
		{E31CDAF1-7534-49AE-941F-8C1521867686}.Debug|iPhone.Build.0 = Debug|iPhone
		{E31CDAF1-7534-49AE-941F-8C1521867686}.Debug|iPhoneSimulator.ActiveCfg = Debug|iPhoneSimulator
		{E31CDAF1-7534-49AE-941F-8C1521867686}.Debug|iPhoneSimulator.Build.0 = Debug|iPhoneSimulator
		{E31CDAF1-7534-49AE-941F-8C1521867686}.Debug|x64.ActiveCfg = Debug|iPhone
		{E31CDAF1-7534-49AE-941F-8C1521867686}.Debug|x86.ActiveCfg = Debug|iPhone
		{E31CDAF1-7534-49AE-941F-8C1521867686}.Release|Any CPU.ActiveCfg = Release|iPhone
		{E31CDAF1-7534-49AE-941F-8C1521867686}.Release|ARM.ActiveCfg = Release|iPhone
		{E31CDAF1-7534-49AE-941F-8C1521867686}.Release|iPhone.ActiveCfg = Release|iPhone
		{E31CDAF1-7534-49AE-941F-8C1521867686}.Release|iPhone.Build.0 = Release|iPhone
		{E31CDAF1-7534-49AE-941F-8C1521867686}.Release|iPhoneSimulator.ActiveCfg = Release|iPhoneSimulator
		{E31CDAF1-7534-49AE-941F-8C1521867686}.Release|iPhoneSimulator.Build.0 = Release|iPhoneSimulator
		{E31CDAF1-7534-49AE-941F-8C1521867686}.Release|x64.ActiveCfg = Release|iPhone
		{E31CDAF1-7534-49AE-941F-8C1521867686}.Release|x86.ActiveCfg = Release|iPhone
		{A85A09FA-5A67-43AD-B914-89A99274869B}.Ad-Hoc|Any CPU.ActiveCfg = Release|x86
		{A85A09FA-5A67-43AD-B914-89A99274869B}.Ad-Hoc|Any CPU.Build.0 = Release|x86
		{A85A09FA-5A67-43AD-B914-89A99274869B}.Ad-Hoc|Any CPU.Deploy.0 = Release|x86
		{A85A09FA-5A67-43AD-B914-89A99274869B}.Ad-Hoc|ARM.ActiveCfg = Release|ARM
		{A85A09FA-5A67-43AD-B914-89A99274869B}.Ad-Hoc|ARM.Build.0 = Release|ARM
		{A85A09FA-5A67-43AD-B914-89A99274869B}.Ad-Hoc|ARM.Deploy.0 = Release|ARM
		{A85A09FA-5A67-43AD-B914-89A99274869B}.Ad-Hoc|iPhone.ActiveCfg = Release|x86
		{A85A09FA-5A67-43AD-B914-89A99274869B}.Ad-Hoc|iPhone.Build.0 = Release|x86
		{A85A09FA-5A67-43AD-B914-89A99274869B}.Ad-Hoc|iPhone.Deploy.0 = Release|x86
		{A85A09FA-5A67-43AD-B914-89A99274869B}.Ad-Hoc|iPhoneSimulator.ActiveCfg = Release|x86
		{A85A09FA-5A67-43AD-B914-89A99274869B}.Ad-Hoc|iPhoneSimulator.Build.0 = Release|x86
		{A85A09FA-5A67-43AD-B914-89A99274869B}.Ad-Hoc|iPhoneSimulator.Deploy.0 = Release|x86
		{A85A09FA-5A67-43AD-B914-89A99274869B}.Ad-Hoc|x64.ActiveCfg = Release|x64
		{A85A09FA-5A67-43AD-B914-89A99274869B}.Ad-Hoc|x64.Build.0 = Release|x64
		{A85A09FA-5A67-43AD-B914-89A99274869B}.Ad-Hoc|x64.Deploy.0 = Release|x64
		{A85A09FA-5A67-43AD-B914-89A99274869B}.Ad-Hoc|x86.ActiveCfg = Release|x86
		{A85A09FA-5A67-43AD-B914-89A99274869B}.Ad-Hoc|x86.Build.0 = Release|x86
		{A85A09FA-5A67-43AD-B914-89A99274869B}.Ad-Hoc|x86.Deploy.0 = Release|x86
		{A85A09FA-5A67-43AD-B914-89A99274869B}.AppStore|Any CPU.ActiveCfg = Release|x86
		{A85A09FA-5A67-43AD-B914-89A99274869B}.AppStore|Any CPU.Build.0 = Release|x86
		{A85A09FA-5A67-43AD-B914-89A99274869B}.AppStore|Any CPU.Deploy.0 = Release|x86
		{A85A09FA-5A67-43AD-B914-89A99274869B}.AppStore|ARM.ActiveCfg = Release|ARM
		{A85A09FA-5A67-43AD-B914-89A99274869B}.AppStore|ARM.Build.0 = Release|ARM
		{A85A09FA-5A67-43AD-B914-89A99274869B}.AppStore|ARM.Deploy.0 = Release|ARM
		{A85A09FA-5A67-43AD-B914-89A99274869B}.AppStore|iPhone.ActiveCfg = Release|x86
		{A85A09FA-5A67-43AD-B914-89A99274869B}.AppStore|iPhone.Build.0 = Release|x86
		{A85A09FA-5A67-43AD-B914-89A99274869B}.AppStore|iPhone.Deploy.0 = Release|x86
		{A85A09FA-5A67-43AD-B914-89A99274869B}.AppStore|iPhoneSimulator.ActiveCfg = Release|x86
		{A85A09FA-5A67-43AD-B914-89A99274869B}.AppStore|iPhoneSimulator.Build.0 = Release|x86
		{A85A09FA-5A67-43AD-B914-89A99274869B}.AppStore|iPhoneSimulator.Deploy.0 = Release|x86
		{A85A09FA-5A67-43AD-B914-89A99274869B}.AppStore|x64.ActiveCfg = Release|x64
		{A85A09FA-5A67-43AD-B914-89A99274869B}.AppStore|x64.Build.0 = Release|x64
		{A85A09FA-5A67-43AD-B914-89A99274869B}.AppStore|x64.Deploy.0 = Release|x64
		{A85A09FA-5A67-43AD-B914-89A99274869B}.AppStore|x86.ActiveCfg = Release|x86
		{A85A09FA-5A67-43AD-B914-89A99274869B}.AppStore|x86.Build.0 = Release|x86
		{A85A09FA-5A67-43AD-B914-89A99274869B}.AppStore|x86.Deploy.0 = Release|x86
		{A85A09FA-5A67-43AD-B914-89A99274869B}.Debug|Any CPU.ActiveCfg = Debug|x86
		{A85A09FA-5A67-43AD-B914-89A99274869B}.Debug|ARM.ActiveCfg = Debug|ARM
		{A85A09FA-5A67-43AD-B914-89A99274869B}.Debug|ARM.Build.0 = Debug|ARM
		{A85A09FA-5A67-43AD-B914-89A99274869B}.Debug|ARM.Deploy.0 = Debug|ARM
		{A85A09FA-5A67-43AD-B914-89A99274869B}.Debug|iPhone.ActiveCfg = Debug|x86
		{A85A09FA-5A67-43AD-B914-89A99274869B}.Debug|iPhoneSimulator.ActiveCfg = Debug|x86
		{A85A09FA-5A67-43AD-B914-89A99274869B}.Debug|x64.ActiveCfg = Debug|x64
		{A85A09FA-5A67-43AD-B914-89A99274869B}.Debug|x64.Build.0 = Debug|x64
		{A85A09FA-5A67-43AD-B914-89A99274869B}.Debug|x64.Deploy.0 = Debug|x64
		{A85A09FA-5A67-43AD-B914-89A99274869B}.Debug|x86.ActiveCfg = Debug|x64
		{A85A09FA-5A67-43AD-B914-89A99274869B}.Debug|x86.Build.0 = Debug|x64
		{A85A09FA-5A67-43AD-B914-89A99274869B}.Debug|x86.Deploy.0 = Debug|x64
		{A85A09FA-5A67-43AD-B914-89A99274869B}.Release|Any CPU.ActiveCfg = Release|x86
		{A85A09FA-5A67-43AD-B914-89A99274869B}.Release|ARM.ActiveCfg = Release|ARM
		{A85A09FA-5A67-43AD-B914-89A99274869B}.Release|ARM.Build.0 = Release|ARM
		{A85A09FA-5A67-43AD-B914-89A99274869B}.Release|ARM.Deploy.0 = Release|ARM
		{A85A09FA-5A67-43AD-B914-89A99274869B}.Release|iPhone.ActiveCfg = Release|x86
		{A85A09FA-5A67-43AD-B914-89A99274869B}.Release|iPhoneSimulator.ActiveCfg = Release|x86
		{A85A09FA-5A67-43AD-B914-89A99274869B}.Release|x64.ActiveCfg = Release|x64
		{A85A09FA-5A67-43AD-B914-89A99274869B}.Release|x64.Build.0 = Release|x64
		{A85A09FA-5A67-43AD-B914-89A99274869B}.Release|x64.Deploy.0 = Release|x64
		{A85A09FA-5A67-43AD-B914-89A99274869B}.Release|x86.ActiveCfg = Release|x86
		{A85A09FA-5A67-43AD-B914-89A99274869B}.Release|x86.Build.0 = Release|x86
		{A85A09FA-5A67-43AD-B914-89A99274869B}.Release|x86.Deploy.0 = Release|x86
		{DB15403D-40ED-440D-84A9-8F6BFCD2A0E0}.Ad-Hoc|Any CPU.ActiveCfg = Release|Any CPU
		{DB15403D-40ED-440D-84A9-8F6BFCD2A0E0}.Ad-Hoc|Any CPU.Build.0 = Release|Any CPU
		{DB15403D-40ED-440D-84A9-8F6BFCD2A0E0}.Ad-Hoc|ARM.ActiveCfg = Release|Any CPU
		{DB15403D-40ED-440D-84A9-8F6BFCD2A0E0}.Ad-Hoc|ARM.Build.0 = Release|Any CPU
		{DB15403D-40ED-440D-84A9-8F6BFCD2A0E0}.Ad-Hoc|iPhone.ActiveCfg = Release|Any CPU
		{DB15403D-40ED-440D-84A9-8F6BFCD2A0E0}.Ad-Hoc|iPhone.Build.0 = Release|Any CPU
		{DB15403D-40ED-440D-84A9-8F6BFCD2A0E0}.Ad-Hoc|iPhoneSimulator.ActiveCfg = Release|Any CPU
		{DB15403D-40ED-440D-84A9-8F6BFCD2A0E0}.Ad-Hoc|iPhoneSimulator.Build.0 = Release|Any CPU
		{DB15403D-40ED-440D-84A9-8F6BFCD2A0E0}.Ad-Hoc|x64.ActiveCfg = Release|Any CPU
		{DB15403D-40ED-440D-84A9-8F6BFCD2A0E0}.Ad-Hoc|x64.Build.0 = Release|Any CPU
		{DB15403D-40ED-440D-84A9-8F6BFCD2A0E0}.Ad-Hoc|x86.ActiveCfg = Release|Any CPU
		{DB15403D-40ED-440D-84A9-8F6BFCD2A0E0}.Ad-Hoc|x86.Build.0 = Release|Any CPU
		{DB15403D-40ED-440D-84A9-8F6BFCD2A0E0}.AppStore|Any CPU.ActiveCfg = Release|Any CPU
		{DB15403D-40ED-440D-84A9-8F6BFCD2A0E0}.AppStore|Any CPU.Build.0 = Release|Any CPU
		{DB15403D-40ED-440D-84A9-8F6BFCD2A0E0}.AppStore|ARM.ActiveCfg = Release|Any CPU
		{DB15403D-40ED-440D-84A9-8F6BFCD2A0E0}.AppStore|ARM.Build.0 = Release|Any CPU
		{DB15403D-40ED-440D-84A9-8F6BFCD2A0E0}.AppStore|iPhone.ActiveCfg = Release|Any CPU
		{DB15403D-40ED-440D-84A9-8F6BFCD2A0E0}.AppStore|iPhone.Build.0 = Release|Any CPU
		{DB15403D-40ED-440D-84A9-8F6BFCD2A0E0}.AppStore|iPhoneSimulator.ActiveCfg = Release|Any CPU
		{DB15403D-40ED-440D-84A9-8F6BFCD2A0E0}.AppStore|iPhoneSimulator.Build.0 = Release|Any CPU
		{DB15403D-40ED-440D-84A9-8F6BFCD2A0E0}.AppStore|x64.ActiveCfg = Release|Any CPU
		{DB15403D-40ED-440D-84A9-8F6BFCD2A0E0}.AppStore|x64.Build.0 = Release|Any CPU
		{DB15403D-40ED-440D-84A9-8F6BFCD2A0E0}.AppStore|x86.ActiveCfg = Release|Any CPU
		{DB15403D-40ED-440D-84A9-8F6BFCD2A0E0}.AppStore|x86.Build.0 = Release|Any CPU
		{DB15403D-40ED-440D-84A9-8F6BFCD2A0E0}.Debug|Any CPU.ActiveCfg = Debug|Any CPU
		{DB15403D-40ED-440D-84A9-8F6BFCD2A0E0}.Debug|Any CPU.Build.0 = Debug|Any CPU
		{DB15403D-40ED-440D-84A9-8F6BFCD2A0E0}.Debug|ARM.ActiveCfg = Debug|Any CPU
		{DB15403D-40ED-440D-84A9-8F6BFCD2A0E0}.Debug|ARM.Build.0 = Debug|Any CPU
		{DB15403D-40ED-440D-84A9-8F6BFCD2A0E0}.Debug|iPhone.ActiveCfg = Debug|Any CPU
		{DB15403D-40ED-440D-84A9-8F6BFCD2A0E0}.Debug|iPhone.Build.0 = Debug|Any CPU
		{DB15403D-40ED-440D-84A9-8F6BFCD2A0E0}.Debug|iPhoneSimulator.ActiveCfg = Debug|Any CPU
		{DB15403D-40ED-440D-84A9-8F6BFCD2A0E0}.Debug|iPhoneSimulator.Build.0 = Debug|Any CPU
		{DB15403D-40ED-440D-84A9-8F6BFCD2A0E0}.Debug|x64.ActiveCfg = Debug|Any CPU
		{DB15403D-40ED-440D-84A9-8F6BFCD2A0E0}.Debug|x64.Build.0 = Debug|Any CPU
		{DB15403D-40ED-440D-84A9-8F6BFCD2A0E0}.Debug|x86.ActiveCfg = Debug|Any CPU
		{DB15403D-40ED-440D-84A9-8F6BFCD2A0E0}.Debug|x86.Build.0 = Debug|Any CPU
		{DB15403D-40ED-440D-84A9-8F6BFCD2A0E0}.Release|Any CPU.ActiveCfg = Release|Any CPU
		{DB15403D-40ED-440D-84A9-8F6BFCD2A0E0}.Release|Any CPU.Build.0 = Release|Any CPU
		{DB15403D-40ED-440D-84A9-8F6BFCD2A0E0}.Release|ARM.ActiveCfg = Release|Any CPU
		{DB15403D-40ED-440D-84A9-8F6BFCD2A0E0}.Release|ARM.Build.0 = Release|Any CPU
		{DB15403D-40ED-440D-84A9-8F6BFCD2A0E0}.Release|iPhone.ActiveCfg = Release|Any CPU
		{DB15403D-40ED-440D-84A9-8F6BFCD2A0E0}.Release|iPhone.Build.0 = Release|Any CPU
		{DB15403D-40ED-440D-84A9-8F6BFCD2A0E0}.Release|iPhoneSimulator.ActiveCfg = Release|Any CPU
		{DB15403D-40ED-440D-84A9-8F6BFCD2A0E0}.Release|iPhoneSimulator.Build.0 = Release|Any CPU
		{DB15403D-40ED-440D-84A9-8F6BFCD2A0E0}.Release|x64.ActiveCfg = Release|Any CPU
		{DB15403D-40ED-440D-84A9-8F6BFCD2A0E0}.Release|x64.Build.0 = Release|Any CPU
		{DB15403D-40ED-440D-84A9-8F6BFCD2A0E0}.Release|x86.ActiveCfg = Release|Any CPU
		{DB15403D-40ED-440D-84A9-8F6BFCD2A0E0}.Release|x86.Build.0 = Release|Any CPU
	EndGlobalSection
	GlobalSection(SolutionProperties) = preSolution
		HideSolutionNode = FALSE
	EndGlobalSection
	GlobalSection(ExtensibilityGlobals) = postSolution
		SolutionGuid = {0FDD4D99-5F82-4773-8BCC-74A42F5011AE}
	EndGlobalSection
EndGlobal
